{
    "_readme": [
        "This file locks the dependencies of your project to a known state",
        "Read more about it at https://getcomposer.org/doc/01-basic-usage.md#installing-dependencies",
        "This file is @generated automatically"
    ],
    "content-hash": "bd58e44be27fde034a9265b93347c900",
    "packages": [],
    "packages-dev": [
        {
            "name": "15219150444/study_composer_3",
            "version": "dev-master",
            "source": {
                "type": "git",
                "url": "https://github.com/15219150444/study_composer_3.git",
                "reference": "6f2aa0ae28055de059ee2ba47a0c2e52f53edda6"
            },
            "dist": {
                "type": "zip",
                "url": "https://api.github.com/repos/15219150444/study_composer_3/zipball/6f2aa0ae28055de059ee2ba47a0c2e52f53edda6",
                "reference": "6f2aa0ae28055de059ee2ba47a0c2e52f53edda6",
                "shasum": ""
            },
            "require": {
                "houdunwang/wechat": "dev-master"
            },
            "type": "projec",
            "notification-url": "https://packagist.org/downloads/",
            "license": [
                "mit"
            ],
            "authors": [
                {
                    "name": "15219150444",
                    "email": "939970308@qq.com"
                }
            ],
            "description": "study_composer_3 miaoshu",
            "time": "2019-07-10T16:27:46+00:00"
        },
        {
            "name": "houdunwang/wechat",
            "version": "dev-master",
            "source": {
                "type": "git",
                "url": "https://github.com/houdunwang/wechat.git",
                "reference": "aba9f124b41cb1eb8b1201693e89c3e3405bf78a"
            },
            "dist": {
                "type": "zip",
                "url": "https://api.github.com/repos/houdunwang/wechat/zipball/aba9f124b41cb1eb8b1201693e89c3e3405bf78a",
                "reference": "aba9f124b41cb1eb8b1201693e89c3e3405bf78a",
                "shasum": ""
            },
            "require": {
                "houdunwang/wechat": "dev-master",
                "php": ">=7.0"
            },
            "require-dev": {
                "phpunit/phpunit": "^6.1"
            },
            "type": "library",
            "extra": {
                "laravel": {
                    "providers": [
                        "Houdunwang\\WeChat\\WeChatProvider"
                    ],
                    "aliases": {
                        "WeChat": "Houdunwang\\WeChat\\WeChatFacade"
                    }
                }
            },
            "autoload": {
                "files": [],
                "psr-4": {
                    "Houdunwang\\WeChat\\": "src"
                }
            },
            "notification-url": "https://packagist.org/downloads/",
            "license": [
                "MIT"
            ],
            "authors": [
                {
                    "name": "北京向军",
                    "email": "2300071698@qq.com"
                }
            ],
            "description": "微信开发组件可以快速整合到主流框架中如thinkphp、laravel为微信开发节省开发时间",
            "homepage": "http://www.houdunren.com/",
            "keywords": [
                "houdunren",
                "wechat",
                "后盾人",
                "向军大叔",
                "微信开发"
            ],
            "time": "2019-03-24T11:43:31+00:00"
        }
    ],
    "aliases": [],
    "minimum-stability": "dev",
    "stability-flags": {
        "15219150444/study_composer_3": 20
    },
    "prefer-stable": false,
    "prefer-lowest": false,
    "platform": [],
    "platform-dev": []
}
